
Microsoft Visual Studio Solution File, Format Version 12.00
# Visual Studio Version 17
VisualStudioVersion = 17.8.34316.72
MinimumVisualStudioVersion = 10.0.40219.1
Project("{FAE04EC0-301F-11D3-BF4B-00C04F79EFBC}") = "QuizWorld.Presentation", "QuizWorld.Presentation\QuizWorld.Presentation.csproj", "{D2126586-81AE-49DC-9106-E81C42239794}"
EndProject
Project("{FAE04EC0-301F-11D3-BF4B-00C04F79EFBC}") = "QuizWorld.Domain", "QuizWorld.Domain\QuizWorld.Domain.csproj", "{0977B22A-BD5D-4082-BD22-6760CDECC5AF}"
EndProject
Project("{FAE04EC0-301F-11D3-BF4B-00C04F79EFBC}") = "QuizWorld.Application", "QuizWorld.Application\QuizWorld.Application.csproj", "{3244CD51-38E1-4A36-99AE-03A54B450B0C}"
EndProject
Project("{FAE04EC0-301F-11D3-BF4B-00C04F79EFBC}") = "QuizWorld.Infrastructure", "QuizWorld.Infrastructure\QuizWorld.Infrastructure.csproj", "{879168DE-63C6-4195-8523-C3E10C5301B3}"
EndProject
Global
	GlobalSection(SolutionConfigurationPlatforms) = preSolution
		Debug|Any CPU = Debug|Any CPU
		Release|Any CPU = Release|Any CPU
	EndGlobalSection
	GlobalSection(ProjectConfigurationPlatforms) = postSolution
		{D2126586-81AE-49DC-9106-E81C42239794}.Debug|Any CPU.ActiveCfg = Debug|Any CPU
		{D2126586-81AE-49DC-9106-E81C42239794}.Debug|Any CPU.Build.0 = Debug|Any CPU
		{D2126586-81AE-49DC-9106-E81C42239794}.Release|Any CPU.ActiveCfg = Release|Any CPU
		{D2126586-81AE-49DC-9106-E81C42239794}.Release|Any CPU.Build.0 = Release|Any CPU
		{0977B22A-BD5D-4082-BD22-6760CDECC5AF}.Debug|Any CPU.ActiveCfg = Debug|Any CPU
		{0977B22A-BD5D-4082-BD22-6760CDECC5AF}.Debug|Any CPU.Build.0 = Debug|Any CPU
		{0977B22A-BD5D-4082-BD22-6760CDECC5AF}.Release|Any CPU.ActiveCfg = Release|Any CPU
		{0977B22A-BD5D-4082-BD22-6760CDECC5AF}.Release|Any CPU.Build.0 = Release|Any CPU
		{3244CD51-38E1-4A36-99AE-03A54B450B0C}.Debug|Any CPU.ActiveCfg = Debug|Any CPU
		{3244CD51-38E1-4A36-99AE-03A54B450B0C}.Debug|Any CPU.Build.0 = Debug|Any CPU
		{3244CD51-38E1-4A36-99AE-03A54B450B0C}.Release|Any CPU.ActiveCfg = Release|Any CPU
		{3244CD51-38E1-4A36-99AE-03A54B450B0C}.Release|Any CPU.Build.0 = Release|Any CPU
		{879168DE-63C6-4195-8523-C3E10C5301B3}.Debug|Any CPU.ActiveCfg = Debug|Any CPU
		{879168DE-63C6-4195-8523-C3E10C5301B3}.Debug|Any CPU.Build.0 = Debug|Any CPU
		{879168DE-63C6-4195-8523-C3E10C5301B3}.Release|Any CPU.ActiveCfg = Release|Any CPU
		{879168DE-63C6-4195-8523-C3E10C5301B3}.Release|Any CPU.Build.0 = Release|Any CPU
	EndGlobalSection
	GlobalSection(SolutionProperties) = preSolution
		HideSolutionNode = FALSE
	EndGlobalSection
	GlobalSection(ExtensibilityGlobals) = postSolution
		SolutionGuid = {E48D5760-BC21-4B1D-9078-0C003F743F8F}
	EndGlobalSection
EndGlobal
